
Microsoft Visual Studio Solution File, Format Version 12.00
# Visual Studio Version 17
VisualStudioVersion = 17.14.36429.23
MinimumVisualStudioVersion = 10.0.40219.1
Project("{FAE04EC0-301F-11D3-BF4B-00C04F79EFBC}") = "Rally to ADO Migration", "Rally to ADO Migration.csproj", "{9A30DB82-316C-4B19-B3E1-03D7EEEBDDBB}"
EndProject
Global
	GlobalSection(SolutionConfigurationPlatforms) = preSolution
		Debug|Any CPU = Debug|Any CPU
		Release|Any CPU = Release|Any CPU
	EndGlobalSection
	GlobalSection(ProjectConfigurationPlatforms) = postSolution
		{9A30DB82-316C-4B19-B3E1-03D7EEEBDDBB}.Debug|Any CPU.ActiveCfg = Debug|Any CPU
		{9A30DB82-316C-4B19-B3E1-03D7EEEBDDBB}.Debug|Any CPU.Build.0 = Debug|Any CPU
		{9A30DB82-316C-4B19-B3E1-03D7EEEBDDBB}.Release|Any CPU.ActiveCfg = Release|Any CPU
		{9A30DB82-316C-4B19-B3E1-03D7EEEBDDBB}.Release|Any CPU.Build.0 = Release|Any CPU
	EndGlobalSection
	GlobalSection(SolutionProperties) = preSolution
		HideSolutionNode = FALSE
	EndGlobalSection
	GlobalSection(ExtensibilityGlobals) = postSolution
		SolutionGuid = {21FBE33B-C5CC-41B6-B14C-999B1D62DBD2}
	EndGlobalSection
EndGlobal
